
Microsoft Visual Studio Solution File, Format Version 12.00
# Visual Studio Version 16
VisualStudioVersion = 16.0.31402.337
MinimumVisualStudioVersion = 10.0.40219.1
Project("{FAE04EC0-301F-11D3-BF4B-00C04F79EFBC}") = "BookStoreAppCore", "BookStoreAppCore\BookStoreAppCore.csproj", "{82D578EA-F85E-4106-A56D-8EC03E5B834A}"
EndProject
Global
	GlobalSection(SolutionConfigurationPlatforms) = preSolution
		Debug|Any CPU = Debug|Any CPU
		Release|Any CPU = Release|Any CPU
	EndGlobalSection
	GlobalSection(ProjectConfigurationPlatforms) = postSolution
		{82D578EA-F85E-4106-A56D-8EC03E5B834A}.Debug|Any CPU.ActiveCfg = Debug|Any CPU
		{82D578EA-F85E-4106-A56D-8EC03E5B834A}.Debug|Any CPU.Build.0 = Debug|Any CPU
		{82D578EA-F85E-4106-A56D-8EC03E5B834A}.Release|Any CPU.ActiveCfg = Release|Any CPU
		{82D578EA-F85E-4106-A56D-8EC03E5B834A}.Release|Any CPU.Build.0 = Release|Any CPU
	EndGlobalSection
	GlobalSection(SolutionProperties) = preSolution
		HideSolutionNode = FALSE
	EndGlobalSection
	GlobalSection(ExtensibilityGlobals) = postSolution
		SolutionGuid = {C619E8CC-6246-451A-B496-84EFE2ACBBDA}
	EndGlobalSection
EndGlobal
